
Microsoft Visual Studio Solution File, Format Version 12.00
# Visual Studio 2017
Project("{FAE04EC0-301F-11D3-BF4B-00C04F79EFBC}") = "LunchApp", "LunchApp.csproj", "{A66C38EE-C6F0-4577-BD6D-36089EFBBC73}"
EndProject
Global
	GlobalSection(SolutionConfigurationPlatforms) = preSolution
		Debug|Any CPU = Debug|Any CPU
		Release|Any CPU = Release|Any CPU
	EndGlobalSection
	GlobalSection(ProjectConfigurationPlatforms) = postSolution
		{A66C38EE-C6F0-4577-BD6D-36089EFBBC73}.Debug|Any CPU.ActiveCfg = Debug|Any CPU
		{A66C38EE-C6F0-4577-BD6D-36089EFBBC73}.Debug|Any CPU.Build.0 = Debug|Any CPU
		{A66C38EE-C6F0-4577-BD6D-36089EFBBC73}.Release|Any CPU.ActiveCfg = Release|Any CPU
		{A66C38EE-C6F0-4577-BD6D-36089EFBBC73}.Release|Any CPU.Build.0 = Release|Any CPU
	EndGlobalSection
EndGlobal
